// !$*UTF8*$!
{
	archiveVersion = 1;
	classes = {
	};
	objectVersion = 55;
	objects = {

/* Begin PBXBuildFile section */
		85479847288A3FAC00709FD7 /* FirstViewController.swift in Sources */ = {isa = PBXBuildFile; fileRef = 85479846288A3FAC00709FD7 /* FirstViewController.swift */; };
		8549686F28878C9D00CCC8BD /* Movie.swift in Sources */ = {isa = PBXBuildFile; fileRef = 8549686E28878C9D00CCC8BD /* Movie.swift */; };
		8549687328879AA600CCC8BD /* RecoomandCollectionViewController.swift in Sources */ = {isa = PBXBuildFile; fileRef = 8549687228879AA600CCC8BD /* RecoomandCollectionViewController.swift */; };
		8549687528879DFD00CCC8BD /* RecommandCollectionViewCell.swift in Sources */ = {isa = PBXBuildFile; fileRef = 8549687428879DFD00CCC8BD /* RecommandCollectionViewCell.swift */; };
		854968782887AE4D00CCC8BD /* Kingfisher in Frameworks */ = {isa = PBXBuildFile; productRef = 854968772887AE4D00CCC8BD /* Kingfisher */; };
		8549687B2887AE5B00CCC8BD /* Toast in Frameworks */ = {isa = PBXBuildFile; productRef = 8549687A2887AE5B00CCC8BD /* Toast */; };
		856081532886402D0057786E /* Search.storyboard in Resources */ = {isa = PBXBuildFile; fileRef = 856081522886402D0057786E /* Search.storyboard */; };
		85608155288640590057786E /* Trend.storyboard in Resources */ = {isa = PBXBuildFile; fileRef = 85608154288640590057786E /* Trend.storyboard */; };
		85608157288640820057786E /* Intro.storyboard in Resources */ = {isa = PBXBuildFile; fileRef = 85608156288640820057786E /* Intro.storyboard */; };
		85608159288643F30057786E /* TrendViewController.swift in Sources */ = {isa = PBXBuildFile; fileRef = 85608158288643F30057786E /* TrendViewController.swift */; };
		8560815D2886451B0057786E /* UIViewController+Extension.swift in Sources */ = {isa = PBXBuildFile; fileRef = 8560815C2886451B0057786E /* UIViewController+Extension.swift */; };
		8560815F2886478C0057786E /* UITextField+Extension.swift in Sources */ = {isa = PBXBuildFile; fileRef = 8560815E2886478C0057786E /* UITextField+Extension.swift */; };
		8560816128864B980057786E /* BucketListTableViewController.swift in Sources */ = {isa = PBXBuildFile; fileRef = 8560816028864B980057786E /* BucketListTableViewController.swift */; };
		8560816328864D950057786E /* BucketListTableViewCell.swift in Sources */ = {isa = PBXBuildFile; fileRef = 8560816228864D950057786E /* BucketListTableViewCell.swift */; };
		8560816528868D570057786E /* Shopping.storyboard in Resources */ = {isa = PBXBuildFile; fileRef = 8560816428868D570057786E /* Shopping.storyboard */; };
		8560816728868D6C0057786E /* ShoppingTableViewController.swift in Sources */ = {isa = PBXBuildFile; fileRef = 8560816628868D6C0057786E /* ShoppingTableViewController.swift */; };
		856081692886913E0057786E /* ShoppingTableViewCell.swift in Sources */ = {isa = PBXBuildFile; fileRef = 856081682886913E0057786E /* ShoppingTableViewCell.swift */; };
		8560816B2886ABC40057786E /* SearchTableViewController.swift in Sources */ = {isa = PBXBuildFile; fileRef = 8560816A2886ABC40057786E /* SearchTableViewController.swift */; };
		8560816D2886AC300057786E /* SearchTableViewCell.swift in Sources */ = {isa = PBXBuildFile; fileRef = 8560816C2886AC300057786E /* SearchTableViewCell.swift */; };
		8560816F2886B3170057786E /* MovieData.swift in Sources */ = {isa = PBXBuildFile; fileRef = 8560816E2886B3170057786E /* MovieData.swift */; };
		85788BED28B34DCA008EC5E0 /* Realm in Frameworks */ = {isa = PBXBuildFile; productRef = 85788BEC28B34DCA008EC5E0 /* Realm */; };
		85788BEF28B34DCA008EC5E0 /* RealmSwift in Frameworks */ = {isa = PBXBuildFile; productRef = 85788BEE28B34DCA008EC5E0 /* RealmSwift */; };
		85788BF228B34E71008EC5E0 /* RealmShoppingModel.swift in Sources */ = {isa = PBXBuildFile; fileRef = 85788BF128B34E71008EC5E0 /* RealmShoppingModel.swift */; };
		8595F11E2888E7450060202B /* TrendTableViewController.swift in Sources */ = {isa = PBXBuildFile; fileRef = 8595F11D2888E7450060202B /* TrendTableViewController.swift */; };
		8595F1222888F6150060202B /* MovieInfo.swift in Sources */ = {isa = PBXBuildFile; fileRef = 8595F1212888F6150060202B /* MovieInfo.swift */; };
		85AA23042884DDDD00DAB425 /* AppDelegate.swift in Sources */ = {isa = PBXBuildFile; fileRef = 85AA23032884DDDD00DAB425 /* AppDelegate.swift */; };
		85AA23062884DDDD00DAB425 /* SceneDelegate.swift in Sources */ = {isa = PBXBuildFile; fileRef = 85AA23052884DDDD00DAB425 /* SceneDelegate.swift */; };
		85AA23082884DDDD00DAB425 /* ViewController.swift in Sources */ = {isa = PBXBuildFile; fileRef = 85AA23072884DDDD00DAB425 /* ViewController.swift */; };
		85AA230B2884DDDD00DAB425 /* Main.storyboard in Resources */ = {isa = PBXBuildFile; fileRef = 85AA23092884DDDD00DAB425 /* Main.storyboard */; };
		85AA230D2884DDDE00DAB425 /* Assets.xcassets in Resources */ = {isa = PBXBuildFile; fileRef = 85AA230C2884DDDE00DAB425 /* Assets.xcassets */; };
		85AA23102884DDDE00DAB425 /* LaunchScreen.storyboard in Resources */ = {isa = PBXBuildFile; fileRef = 85AA230E2884DDDE00DAB425 /* LaunchScreen.storyboard */; };
		85AA23182884F10C00DAB425 /* Home.storyboard in Resources */ = {isa = PBXBuildFile; fileRef = 85AA23172884F10C00DAB425 /* Home.storyboard */; };
		85AA231A2884FE4300DAB425 /* SettingTableViewController.swift in Sources */ = {isa = PBXBuildFile; fileRef = 85AA23192884FE4300DAB425 /* SettingTableViewController.swift */; };
		85AA231C28852DDE00DAB425 /* Setting.storyboard in Resources */ = {isa = PBXBuildFile; fileRef = 85AA231B28852DDE00DAB425 /* Setting.storyboard */; };
		85AA231E2885371F00DAB425 /* KakaoSettingTableViewController.swift in Sources */ = {isa = PBXBuildFile; fileRef = 85AA231D2885371F00DAB425 /* KakaoSettingTableViewController.swift */; };
		85AA232028853B5600DAB425 /* KakaoSetting.swift in Sources */ = {isa = PBXBuildFile; fileRef = 85AA231F28853B5600DAB425 /* KakaoSetting.swift */; };
/* End PBXBuildFile section */

/* Begin PBXFileReference section */
		85479846288A3FAC00709FD7 /* FirstViewController.swift */ = {isa = PBXFileReference; lastKnownFileType = sourcecode.swift; path = FirstViewController.swift; sourceTree = "<group>"; };
		8549686E28878C9D00CCC8BD /* Movie.swift */ = {isa = PBXFileReference; lastKnownFileType = sourcecode.swift; path = Movie.swift; sourceTree = "<group>"; };
		8549687228879AA600CCC8BD /* RecoomandCollectionViewController.swift */ = {isa = PBXFileReference; lastKnownFileType = sourcecode.swift; path = RecoomandCollectionViewController.swift; sourceTree = "<group>"; };
		8549687428879DFD00CCC8BD /* RecommandCollectionViewCell.swift */ = {isa = PBXFileReference; lastKnownFileType = sourcecode.swift; path = RecommandCollectionViewCell.swift; sourceTree = "<group>"; };
		856081522886402D0057786E /* Search.storyboard */ = {isa = PBXFileReference; lastKnownFileType = file.storyboard; path = Search.storyboard; sourceTree = "<group>"; };
		85608154288640590057786E /* Trend.storyboard */ = {isa = PBXFileReference; lastKnownFileType = file.storyboard; path = Trend.storyboard; sourceTree = "<group>"; };
		85608156288640820057786E /* Intro.storyboard */ = {isa = PBXFileReference; lastKnownFileType = file.storyboard; path = Intro.storyboard; sourceTree = "<group>"; };
		85608158288643F30057786E /* TrendViewController.swift */ = {isa = PBXFileReference; lastKnownFileType = sourcecode.swift; path = TrendViewController.swift; sourceTree = "<group>"; };
		8560815C2886451B0057786E /* UIViewController+Extension.swift */ = {isa = PBXFileReference; lastKnownFileType = sourcecode.swift; path = "UIViewController+Extension.swift"; sourceTree = "<group>"; };
		8560815E2886478C0057786E /* UITextField+Extension.swift */ = {isa = PBXFileReference; lastKnownFileType = sourcecode.swift; path = "UITextField+Extension.swift"; sourceTree = "<group>"; };
		8560816028864B980057786E /* BucketListTableViewController.swift */ = {isa = PBXFileReference; lastKnownFileType = sourcecode.swift; path = BucketListTableViewController.swift; sourceTree = "<group>"; };
		8560816228864D950057786E /* BucketListTableViewCell.swift */ = {isa = PBXFileReference; lastKnownFileType = sourcecode.swift; path = BucketListTableViewCell.swift; sourceTree = "<group>"; };
		8560816428868D570057786E /* Shopping.storyboard */ = {isa = PBXFileReference; lastKnownFileType = file.storyboard; path = Shopping.storyboard; sourceTree = "<group>"; };
		8560816628868D6C0057786E /* ShoppingTableViewController.swift */ = {isa = PBXFileReference; lastKnownFileType = sourcecode.swift; path = ShoppingTableViewController.swift; sourceTree = "<group>"; };
		856081682886913E0057786E /* ShoppingTableViewCell.swift */ = {isa = PBXFileReference; lastKnownFileType = sourcecode.swift; path = ShoppingTableViewCell.swift; sourceTree = "<group>"; };
		8560816A2886ABC40057786E /* SearchTableViewController.swift */ = {isa = PBXFileReference; lastKnownFileType = sourcecode.swift; path = SearchTableViewController.swift; sourceTree = "<group>"; };
		8560816C2886AC300057786E /* SearchTableViewCell.swift */ = {isa = PBXFileReference; lastKnownFileType = sourcecode.swift; path = SearchTableViewCell.swift; sourceTree = "<group>"; };
		8560816E2886B3170057786E /* MovieData.swift */ = {isa = PBXFileReference; lastKnownFileType = sourcecode.swift; path = MovieData.swift; sourceTree = "<group>"; };
		85788BF128B34E71008EC5E0 /* RealmShoppingModel.swift */ = {isa = PBXFileReference; lastKnownFileType = sourcecode.swift; path = RealmShoppingModel.swift; sourceTree = "<group>"; };
		8595F11D2888E7450060202B /* TrendTableViewController.swift */ = {isa = PBXFileReference; lastKnownFileType = sourcecode.swift; path = TrendTableViewController.swift; sourceTree = "<group>"; };
		8595F1212888F6150060202B /* MovieInfo.swift */ = {isa = PBXFileReference; lastKnownFileType = sourcecode.swift; path = MovieInfo.swift; sourceTree = "<group>"; };
		85AA23002884DDDD00DAB425 /* TrandMedia.app */ = {isa = PBXFileReference; explicitFileType = wrapper.application; includeInIndex = 0; path = TrandMedia.app; sourceTree = BUILT_PRODUCTS_DIR; };
		85AA23032884DDDD00DAB425 /* AppDelegate.swift */ = {isa = PBXFileReference; lastKnownFileType = sourcecode.swift; path = AppDelegate.swift; sourceTree = "<group>"; };
		85AA23052884DDDD00DAB425 /* SceneDelegate.swift */ = {isa = PBXFileReference; lastKnownFileType = sourcecode.swift; path = SceneDelegate.swift; sourceTree = "<group>"; };
		85AA23072884DDDD00DAB425 /* ViewController.swift */ = {isa = PBXFileReference; lastKnownFileType = sourcecode.swift; path = ViewController.swift; sourceTree = "<group>"; };
		85AA230A2884DDDD00DAB425 /* Base */ = {isa = PBXFileReference; lastKnownFileType = file.storyboard; name = Base; path = Base.lproj/Main.storyboard; sourceTree = "<group>"; };
		85AA230C2884DDDE00DAB425 /* Assets.xcassets */ = {isa = PBXFileReference; lastKnownFileType = folder.assetcatalog; path = Assets.xcassets; sourceTree = "<group>"; };
		85AA230F2884DDDE00DAB425 /* Base */ = {isa = PBXFileReference; lastKnownFileType = file.storyboard; name = Base; path = Base.lproj/LaunchScreen.storyboard; sourceTree = "<group>"; };
		85AA23112884DDDE00DAB425 /* Info.plist */ = {isa = PBXFileReference; lastKnownFileType = text.plist.xml; path = Info.plist; sourceTree = "<group>"; };
		85AA23172884F10C00DAB425 /* Home.storyboard */ = {isa = PBXFileReference; lastKnownFileType = file.storyboard; path = Home.storyboard; sourceTree = "<group>"; };
		85AA23192884FE4300DAB425 /* SettingTableViewController.swift */ = {isa = PBXFileReference; lastKnownFileType = sourcecode.swift; path = SettingTableViewController.swift; sourceTree = "<group>"; };
		85AA231B28852DDE00DAB425 /* Setting.storyboard */ = {isa = PBXFileReference; lastKnownFileType = file.storyboard; path = Setting.storyboard; sourceTree = "<group>"; };
		85AA231D2885371F00DAB425 /* KakaoSettingTableViewController.swift */ = {isa = PBXFileReference; lastKnownFileType = sourcecode.swift; path = KakaoSettingTableViewController.swift; sourceTree = "<group>"; };
		85AA231F28853B5600DAB425 /* KakaoSetting.swift */ = {isa = PBXFileReference; lastKnownFileType = sourcecode.swift; path = KakaoSetting.swift; sourceTree = "<group>"; };
/* End PBXFileReference section */

/* Begin PBXFrameworksBuildPhase section */
		85AA22FD2884DDDD00DAB425 /* Frameworks */ = {
			isa = PBXFrameworksBuildPhase;
			buildActionMask = 2147483647;
			files = (
				85788BEF28B34DCA008EC5E0 /* RealmSwift in Frameworks */,
				85788BED28B34DCA008EC5E0 /* Realm in Frameworks */,
				8549687B2887AE5B00CCC8BD /* Toast in Frameworks */,
				854968782887AE4D00CCC8BD /* Kingfisher in Frameworks */,
			);
			runOnlyForDeploymentPostprocessing = 0;
		};
/* End PBXFrameworksBuildPhase section */

/* Begin PBXGroup section */
		85788BF028B34E60008EC5E0 /* Realm */ = {
			isa = PBXGroup;
			children = (
				85788BF128B34E71008EC5E0 /* RealmShoppingModel.swift */,
			);
			path = Realm;
			sourceTree = "<group>";
		};
		8595F11F2888F5EE0060202B /* Trend */ = {
			isa = PBXGroup;
			children = (
				8549687428879DFD00CCC8BD /* RecommandCollectionViewCell.swift */,
				8549687228879AA600CCC8BD /* RecoomandCollectionViewController.swift */,
				8560816228864D950057786E /* BucketListTableViewCell.swift */,
				8560816028864B980057786E /* BucketListTableViewController.swift */,
				8595F11D2888E7450060202B /* TrendTableViewController.swift */,
				85608154288640590057786E /* Trend.storyboard */,
				85479846288A3FAC00709FD7 /* FirstViewController.swift */,
				85608158288643F30057786E /* TrendViewController.swift */,
			);
			path = Trend;
			sourceTree = "<group>";
		};
		8595F1202888F6010060202B /* Search */ = {
			isa = PBXGroup;
			children = (
				856081522886402D0057786E /* Search.storyboard */,
				8560816C2886AC300057786E /* SearchTableViewCell.swift */,
				8560816A2886ABC40057786E /* SearchTableViewController.swift */,
				8595F1212888F6150060202B /* MovieInfo.swift */,
				8549686E28878C9D00CCC8BD /* Movie.swift */,
				8560816E2886B3170057786E /* MovieData.swift */,
			);
			path = Search;
			sourceTree = "<group>";
		};
		8595F1252888F6230060202B /* Shopping */ = {
			isa = PBXGroup;
			children = (
				8560816428868D570057786E /* Shopping.storyboard */,
				8560816628868D6C0057786E /* ShoppingTableViewController.swift */,
				856081682886913E0057786E /* ShoppingTableViewCell.swift */,
			);
			path = Shopping;
			sourceTree = "<group>";
		};
		8595F1282888F6560060202B /* Extension */ = {
			isa = PBXGroup;
			children = (
				8560815C2886451B0057786E /* UIViewController+Extension.swift */,
				8560815E2886478C0057786E /* UITextField+Extension.swift */,
			);
			path = Extension;
			sourceTree = "<group>";
		};
		85AA22F72884DDDD00DAB425 = {
			isa = PBXGroup;
			children = (
				85AA23022884DDDD00DAB425 /* TrandMedia */,
				85AA23012884DDDD00DAB425 /* Products */,
			);
			sourceTree = "<group>";
		};
		85AA23012884DDDD00DAB425 /* Products */ = {
			isa = PBXGroup;
			children = (
				85AA23002884DDDD00DAB425 /* TrandMedia.app */,
			);
			name = Products;
			sourceTree = "<group>";
		};
		85AA23022884DDDD00DAB425 /* TrandMedia */ = {
			isa = PBXGroup;
			children = (
				85788BF028B34E60008EC5E0 /* Realm */,
				8595F1282888F6560060202B /* Extension */,
				8595F1252888F6230060202B /* Shopping */,
				8595F1202888F6010060202B /* Search */,
				8595F11F2888F5EE0060202B /* Trend */,
				85AA23032884DDDD00DAB425 /* AppDelegate.swift */,
				85AA23052884DDDD00DAB425 /* SceneDelegate.swift */,
				85AA23072884DDDD00DAB425 /* ViewController.swift */,
				85AA23092884DDDD00DAB425 /* Main.storyboard */,
				85AA23172884F10C00DAB425 /* Home.storyboard */,
				85AA231B28852DDE00DAB425 /* Setting.storyboard */,
				85608156288640820057786E /* Intro.storyboard */,
				85AA231D2885371F00DAB425 /* KakaoSettingTableViewController.swift */,
				85AA231F28853B5600DAB425 /* KakaoSetting.swift */,
				85AA23192884FE4300DAB425 /* SettingTableViewController.swift */,
				85AA230C2884DDDE00DAB425 /* Assets.xcassets */,
				85AA230E2884DDDE00DAB425 /* LaunchScreen.storyboard */,
				85AA23112884DDDE00DAB425 /* Info.plist */,
			);
			path = TrandMedia;
			sourceTree = "<group>";
		};
/* End PBXGroup section */

/* Begin PBXNativeTarget section */
		85AA22FF2884DDDD00DAB425 /* TrandMedia */ = {
			isa = PBXNativeTarget;
			buildConfigurationList = 85AA23142884DDDE00DAB425 /* Build configuration list for PBXNativeTarget "TrandMedia" */;
			buildPhases = (
				85AA22FC2884DDDD00DAB425 /* Sources */,
				85AA22FD2884DDDD00DAB425 /* Frameworks */,
				85AA22FE2884DDDD00DAB425 /* Resources */,
			);
			buildRules = (
			);
			dependencies = (
			);
			name = TrandMedia;
			packageProductDependencies = (
				854968772887AE4D00CCC8BD /* Kingfisher */,
				8549687A2887AE5B00CCC8BD /* Toast */,
				85788BEC28B34DCA008EC5E0 /* Realm */,
				85788BEE28B34DCA008EC5E0 /* RealmSwift */,
			);
			productName = TrandMedia;
			productReference = 85AA23002884DDDD00DAB425 /* TrandMedia.app */;
			productType = "com.apple.product-type.application";
		};
/* End PBXNativeTarget section */

/* Begin PBXProject section */
		85AA22F82884DDDD00DAB425 /* Project object */ = {
			isa = PBXProject;
			attributes = {
				BuildIndependentTargetsInParallel = 1;
				LastSwiftUpdateCheck = 1340;
				LastUpgradeCheck = 1340;
				TargetAttributes = {
					85AA22FF2884DDDD00DAB425 = {
						CreatedOnToolsVersion = 13.4.1;
					};
				};
			};
			buildConfigurationList = 85AA22FB2884DDDD00DAB425 /* Build configuration list for PBXProject "TrandMedia" */;
			compatibilityVersion = "Xcode 13.0";
			developmentRegion = en;
			hasScannedForEncodings = 0;
			knownRegions = (
				en,
				Base,
			);
			mainGroup = 85AA22F72884DDDD00DAB425;
			packageReferences = (
				854968762887AE4D00CCC8BD /* XCRemoteSwiftPackageReference "Kingfisher" */,
				854968792887AE5B00CCC8BD /* XCRemoteSwiftPackageReference "Toast-Swift" */,
				85788BEB28B34DCA008EC5E0 /* XCRemoteSwiftPackageReference "realm-swift" */,
			);
			productRefGroup = 85AA23012884DDDD00DAB425 /* Products */;
			projectDirPath = "";
			projectRoot = "";
			targets = (
				85AA22FF2884DDDD00DAB425 /* TrandMedia */,
			);
		};
/* End PBXProject section */

/* Begin PBXResourcesBuildPhase section */
		85AA22FE2884DDDD00DAB425 /* Resources */ = {
			isa = PBXResourcesBuildPhase;
			buildActionMask = 2147483647;
			files = (
				85608155288640590057786E /* Trend.storyboard in Resources */,
				85AA23102884DDDE00DAB425 /* LaunchScreen.storyboard in Resources */,
				85AA230D2884DDDE00DAB425 /* Assets.xcassets in Resources */,
				85608157288640820057786E /* Intro.storyboard in Resources */,
				85AA231C28852DDE00DAB425 /* Setting.storyboard in Resources */,
				85AA230B2884DDDD00DAB425 /* Main.storyboard in Resources */,
				8560816528868D570057786E /* Shopping.storyboard in Resources */,
				856081532886402D0057786E /* Search.storyboard in Resources */,
				85AA23182884F10C00DAB425 /* Home.storyboard in Resources */,
			);
			runOnlyForDeploymentPostprocessing = 0;
		};
/* End PBXResourcesBuildPhase section */

/* Begin PBXSourcesBuildPhase section */
		85AA22FC2884DDDD00DAB425 /* Sources */ = {
			isa = PBXSourcesBuildPhase;
			buildActionMask = 2147483647;
			files = (
				8560815D2886451B0057786E /* UIViewController+Extension.swift in Sources */,
				85AA232028853B5600DAB425 /* KakaoSetting.swift in Sources */,
				8595F11E2888E7450060202B /* TrendTableViewController.swift in Sources */,
				85AA231A2884FE4300DAB425 /* SettingTableViewController.swift in Sources */,
				8549687528879DFD00CCC8BD /* RecommandCollectionViewCell.swift in Sources */,
				8560816B2886ABC40057786E /* SearchTableViewController.swift in Sources */,
				8560816F2886B3170057786E /* MovieData.swift in Sources */,
				85AA23082884DDDD00DAB425 /* ViewController.swift in Sources */,
				85788BF228B34E71008EC5E0 /* RealmShoppingModel.swift in Sources */,
				8549687328879AA600CCC8BD /* RecoomandCollectionViewController.swift in Sources */,
				856081692886913E0057786E /* ShoppingTableViewCell.swift in Sources */,
				8560815F2886478C0057786E /* UITextField+Extension.swift in Sources */,
				8560816728868D6C0057786E /* ShoppingTableViewController.swift in Sources */,
				8595F1222888F6150060202B /* MovieInfo.swift in Sources */,
				85AA231E2885371F00DAB425 /* KakaoSettingTableViewController.swift in Sources */,
				8560816D2886AC300057786E /* SearchTableViewCell.swift in Sources */,
				85608159288643F30057786E /* TrendViewController.swift in Sources */,
				85AA23042884DDDD00DAB425 /* AppDelegate.swift in Sources */,
				8560816328864D950057786E /* BucketListTableViewCell.swift in Sources */,
				85AA23062884DDDD00DAB425 /* SceneDelegate.swift in Sources */,
				8560816128864B980057786E /* BucketListTableViewController.swift in Sources */,
				8549686F28878C9D00CCC8BD /* Movie.swift in Sources */,
				85479847288A3FAC00709FD7 /* FirstViewController.swift in Sources */,
			);
			runOnlyForDeploymentPostprocessing = 0;
		};
/* End PBXSourcesBuildPhase section */

/* Begin PBXVariantGroup section */
		85AA23092884DDDD00DAB425 /* Main.storyboard */ = {
			isa = PBXVariantGroup;
			children = (
				85AA230A2884DDDD00DAB425 /* Base */,
			);
			name = Main.storyboard;
			sourceTree = "<group>";
		};
		85AA230E2884DDDE00DAB425 /* LaunchScreen.storyboard */ = {
			isa = PBXVariantGroup;
			children = (
				85AA230F2884DDDE00DAB425 /* Base */,
			);
			name = LaunchScreen.storyboard;
			sourceTree = "<group>";
		};
/* End PBXVariantGroup section */

/* Begin XCBuildConfiguration section */
		85AA23122884DDDE00DAB425 /* Debug */ = {
			isa = XCBuildConfiguration;
			buildSettings = {
				ALWAYS_SEARCH_USER_PATHS = NO;
				CLANG_ANALYZER_NONNULL = YES;
				CLANG_ANALYZER_NUMBER_OBJECT_CONVERSION = YES_AGGRESSIVE;
				CLANG_CXX_LANGUAGE_STANDARD = "gnu++17";
				CLANG_ENABLE_MODULES = YES;
				CLANG_ENABLE_OBJC_ARC = YES;
				CLANG_ENABLE_OBJC_WEAK = YES;
				CLANG_WARN_BLOCK_CAPTURE_AUTORELEASING = YES;
				CLANG_WARN_BOOL_CONVERSION = YES;
				CLANG_WARN_COMMA = YES;
				CLANG_WARN_CONSTANT_CONVERSION = YES;
				CLANG_WARN_DEPRECATED_OBJC_IMPLEMENTATIONS = YES;
				CLANG_WARN_DIRECT_OBJC_ISA_USAGE = YES_ERROR;
				CLANG_WARN_DOCUMENTATION_COMMENTS = YES;
				CLANG_WARN_EMPTY_BODY = YES;
				CLANG_WARN_ENUM_CONVERSION = YES;
				CLANG_WARN_INFINITE_RECURSION = YES;
				CLANG_WARN_INT_CONVERSION = YES;
				CLANG_WARN_NON_LITERAL_NULL_CONVERSION = YES;
				CLANG_WARN_OBJC_IMPLICIT_RETAIN_SELF = YES;
				CLANG_WARN_OBJC_LITERAL_CONVERSION = YES;
				CLANG_WARN_OBJC_ROOT_CLASS = YES_ERROR;
				CLANG_WARN_QUOTED_INCLUDE_IN_FRAMEWORK_HEADER = YES;
				CLANG_WARN_RANGE_LOOP_ANALYSIS = YES;
				CLANG_WARN_STRICT_PROTOTYPES = YES;
				CLANG_WARN_SUSPICIOUS_MOVE = YES;
				CLANG_WARN_UNGUARDED_AVAILABILITY = YES_AGGRESSIVE;
				CLANG_WARN_UNREACHABLE_CODE = YES;
				CLANG_WARN__DUPLICATE_METHOD_MATCH = YES;
				COPY_PHASE_STRIP = NO;
				DEBUG_INFORMATION_FORMAT = dwarf;
				ENABLE_STRICT_OBJC_MSGSEND = YES;
				ENABLE_TESTABILITY = YES;
				GCC_C_LANGUAGE_STANDARD = gnu11;
				GCC_DYNAMIC_NO_PIC = NO;
				GCC_NO_COMMON_BLOCKS = YES;
				GCC_OPTIMIZATION_LEVEL = 0;
				GCC_PREPROCESSOR_DEFINITIONS = (
					"DEBUG=1",
					"$(inherited)",
				);
				GCC_WARN_64_TO_32_BIT_CONVERSION = YES;
				GCC_WARN_ABOUT_RETURN_TYPE = YES_ERROR;
				GCC_WARN_UNDECLARED_SELECTOR = YES;
				GCC_WARN_UNINITIALIZED_AUTOS = YES_AGGRESSIVE;
				GCC_WARN_UNUSED_FUNCTION = YES;
				GCC_WARN_UNUSED_VARIABLE = YES;
				IPHONEOS_DEPLOYMENT_TARGET = 15.5;
				MTL_ENABLE_DEBUG_INFO = INCLUDE_SOURCE;
				MTL_FAST_MATH = YES;
				ONLY_ACTIVE_ARCH = YES;
				SDKROOT = iphoneos;
				SWIFT_ACTIVE_COMPILATION_CONDITIONS = DEBUG;
				SWIFT_OPTIMIZATION_LEVEL = "-Onone";
			};
			name = Debug;
		};
		85AA23132884DDDE00DAB425 /* Release */ = {
			isa = XCBuildConfiguration;
			buildSettings = {
				ALWAYS_SEARCH_USER_PATHS = NO;
				CLANG_ANALYZER_NONNULL = YES;
				CLANG_ANALYZER_NUMBER_OBJECT_CONVERSION = YES_AGGRESSIVE;
				CLANG_CXX_LANGUAGE_STANDARD = "gnu++17";
				CLANG_ENABLE_MODULES = YES;
				CLANG_ENABLE_OBJC_ARC = YES;
				CLANG_ENABLE_OBJC_WEAK = YES;
				CLANG_WARN_BLOCK_CAPTURE_AUTORELEASING = YES;
				CLANG_WARN_BOOL_CONVERSION = YES;
				CLANG_WARN_COMMA = YES;
				CLANG_WARN_CONSTANT_CONVERSION = YES;
				CLANG_WARN_DEPRECATED_OBJC_IMPLEMENTATIONS = YES;
				CLANG_WARN_DIRECT_OBJC_ISA_USAGE = YES_ERROR;
				CLANG_WARN_DOCUMENTATION_COMMENTS = YES;
				CLANG_WARN_EMPTY_BODY = YES;
				CLANG_WARN_ENUM_CONVERSION = YES;
				CLANG_WARN_INFINITE_RECURSION = YES;
				CLANG_WARN_INT_CONVERSION = YES;
				CLANG_WARN_NON_LITERAL_NULL_CONVERSION = YES;
				CLANG_WARN_OBJC_IMPLICIT_RETAIN_SELF = YES;
				CLANG_WARN_OBJC_LITERAL_CONVERSION = YES;
				CLANG_WARN_OBJC_ROOT_CLASS = YES_ERROR;
				CLANG_WARN_QUOTED_INCLUDE_IN_FRAMEWORK_HEADER = YES;
				CLANG_WARN_RANGE_LOOP_ANALYSIS = YES;
				CLANG_WARN_STRICT_PROTOTYPES = YES;
				CLANG_WARN_SUSPICIOUS_MOVE = YES;
				CLANG_WARN_UNGUARDED_AVAILABILITY = YES_AGGRESSIVE;
				CLANG_WARN_UNREACHABLE_CODE = YES;
				CLANG_WARN__DUPLICATE_METHOD_MATCH = YES;
				COPY_PHASE_STRIP = NO;
				DEBUG_INFORMATION_FORMAT = "dwarf-with-dsym";
				ENABLE_NS_ASSERTIONS = NO;
				ENABLE_STRICT_OBJC_MSGSEND = YES;
				GCC_C_LANGUAGE_STANDARD = gnu11;
				GCC_NO_COMMON_BLOCKS = YES;
				GCC_WARN_64_TO_32_BIT_CONVERSION = YES;
				GCC_WARN_ABOUT_RETURN_TYPE = YES_ERROR;
				GCC_WARN_UNDECLARED_SELECTOR = YES;
				GCC_WARN_UNINITIALIZED_AUTOS = YES_AGGRESSIVE;
				GCC_WARN_UNUSED_FUNCTION = YES;
				GCC_WARN_UNUSED_VARIABLE = YES;
				IPHONEOS_DEPLOYMENT_TARGET = 15.5;
				MTL_ENABLE_DEBUG_INFO = NO;
				MTL_FAST_MATH = YES;
				SDKROOT = iphoneos;
				SWIFT_COMPILATION_MODE = wholemodule;
				SWIFT_OPTIMIZATION_LEVEL = "-O";
				VALIDATE_PRODUCT = YES;
			};
			name = Release;
		};
		85AA23152884DDDE00DAB425 /* Debug */ = {
			isa = XCBuildConfiguration;
			buildSettings = {
				ASSETCATALOG_COMPILER_APPICON_NAME = AppIcon;
				ASSETCATALOG_COMPILER_GLOBAL_ACCENT_COLOR_NAME = AccentColor;
				CODE_SIGN_STYLE = Automatic;
				CURRENT_PROJECT_VERSION = 1;
				DEVELOPMENT_TEAM = 3K4KWAG7KD;
				GENERATE_INFOPLIST_FILE = YES;
				INFOPLIST_FILE = TrandMedia/Info.plist;
				INFOPLIST_KEY_UIApplicationSupportsIndirectInputEvents = YES;
				INFOPLIST_KEY_UILaunchStoryboardName = LaunchScreen;
				INFOPLIST_KEY_UIMainStoryboardFile = Trend;
				INFOPLIST_KEY_UISupportedInterfaceOrientations_iPad = "UIInterfaceOrientationPortrait UIInterfaceOrientationPortraitUpsideDown UIInterfaceOrientationLandscapeLeft UIInterfaceOrientationLandscapeRight";
				INFOPLIST_KEY_UISupportedInterfaceOrientations_iPhone = "UIInterfaceOrientationPortrait UIInterfaceOrientationLandscapeLeft UIInterfaceOrientationLandscapeRight";
				LD_RUNPATH_SEARCH_PATHS = (
					"$(inherited)",
					"@executable_path/Frameworks",
				);
				MARKETING_VERSION = 1.0;
				PRODUCT_BUNDLE_IDENTIFIER = com.hano.trandmedia.TrandMedia;
				PRODUCT_NAME = "$(TARGET_NAME)";
				SWIFT_EMIT_LOC_STRINGS = YES;
				SWIFT_VERSION = 5.0;
				TARGETED_DEVICE_FAMILY = "1,2";
			};
			name = Debug;
		};
		85AA23162884DDDE00DAB425 /* Release */ = {
			isa = XCBuildConfiguration;
			buildSettings = {
				ASSETCATALOG_COMPILER_APPICON_NAME = AppIcon;
				ASSETCATALOG_COMPILER_GLOBAL_ACCENT_COLOR_NAME = AccentColor;
				CODE_SIGN_STYLE = Automatic;
				CURRENT_PROJECT_VERSION = 1;
				DEVELOPMENT_TEAM = 3K4KWAG7KD;
				GENERATE_INFOPLIST_FILE = YES;
				INFOPLIST_FILE = TrandMedia/Info.plist;
				INFOPLIST_KEY_UIApplicationSupportsIndirectInputEvents = YES;
				INFOPLIST_KEY_UILaunchStoryboardName = LaunchScreen;
				INFOPLIST_KEY_UIMainStoryboardFile = Trend;
				INFOPLIST_KEY_UISupportedInterfaceOrientations_iPad = "UIInterfaceOrientationPortrait UIInterfaceOrientationPortraitUpsideDown UIInterfaceOrientationLandscapeLeft UIInterfaceOrientationLandscapeRight";
				INFOPLIST_KEY_UISupportedInterfaceOrientations_iPhone = "UIInterfaceOrientationPortrait UIInterfaceOrientationLandscapeLeft UIInterfaceOrientationLandscapeRight";
				LD_RUNPATH_SEARCH_PATHS = (
					"$(inherited)",
					"@executable_path/Frameworks",
				);
				MARKETING_VERSION = 1.0;
				PRODUCT_BUNDLE_IDENTIFIER = com.hano.trandmedia.TrandMedia;
				PRODUCT_NAME = "$(TARGET_NAME)";
				SWIFT_EMIT_LOC_STRINGS = YES;
				SWIFT_VERSION = 5.0;
				TARGETED_DEVICE_FAMILY = "1,2";
			};
			name = Release;
		};
/* End XCBuildConfiguration section */

/* Begin XCConfigurationList section */
		85AA22FB2884DDDD00DAB425 /* Build configuration list for PBXProject "TrandMedia" */ = {
			isa = XCConfigurationList;
			buildConfigurations = (
				85AA23122884DDDE00DAB425 /* Debug */,
				85AA23132884DDDE00DAB425 /* Release */,
			);
			defaultConfigurationIsVisible = 0;
			defaultConfigurationName = Release;
		};
		85AA23142884DDDE00DAB425 /* Build configuration list for PBXNativeTarget "TrandMedia" */ = {
			isa = XCConfigurationList;
			buildConfigurations = (
				85AA23152884DDDE00DAB425 /* Debug */,
				85AA23162884DDDE00DAB425 /* Release */,
			);
			defaultConfigurationIsVisible = 0;
			defaultConfigurationName = Release;
		};
/* End XCConfigurationList section */

/* Begin XCRemoteSwiftPackageReference section */
		854968762887AE4D00CCC8BD /* XCRemoteSwiftPackageReference "Kingfisher" */ = {
			isa = XCRemoteSwiftPackageReference;
			repositoryURL = "https://github.com/onevcat/Kingfisher.git";
			requirement = {
				kind = upToNextMajorVersion;
				minimumVersion = 7.0.0;
			};
		};
		854968792887AE5B00CCC8BD /* XCRemoteSwiftPackageReference "Toast-Swift" */ = {
			isa = XCRemoteSwiftPackageReference;
			repositoryURL = "https://github.com/scalessec/Toast-Swift.git";
			requirement = {
				kind = upToNextMajorVersion;
				minimumVersion = 5.0.0;
			};
		};
		85788BEB28B34DCA008EC5E0 /* XCRemoteSwiftPackageReference "realm-swift" */ = {
			isa = XCRemoteSwiftPackageReference;
			repositoryURL = "https://github.com/realm/realm-swift.git";
			requirement = {
				kind = upToNextMajorVersion;
				minimumVersion = 10.0.0;
			};
		};
/* End XCRemoteSwiftPackageReference section */

/* Begin XCSwiftPackageProductDependency section */
		854968772887AE4D00CCC8BD /* Kingfisher */ = {
			isa = XCSwiftPackageProductDependency;
			package = 854968762887AE4D00CCC8BD /* XCRemoteSwiftPackageReference "Kingfisher" */;
			productName = Kingfisher;
		};
		8549687A2887AE5B00CCC8BD /* Toast */ = {
			isa = XCSwiftPackageProductDependency;
			package = 854968792887AE5B00CCC8BD /* XCRemoteSwiftPackageReference "Toast-Swift" */;
			productName = Toast;
		};
		85788BEC28B34DCA008EC5E0 /* Realm */ = {
			isa = XCSwiftPackageProductDependency;
			package = 85788BEB28B34DCA008EC5E0 /* XCRemoteSwiftPackageReference "realm-swift" */;
			productName = Realm;
		};
		85788BEE28B34DCA008EC5E0 /* RealmSwift */ = {
			isa = XCSwiftPackageProductDependency;
			package = 85788BEB28B34DCA008EC5E0 /* XCRemoteSwiftPackageReference "realm-swift" */;
			productName = RealmSwift;
		};
/* End XCSwiftPackageProductDependency section */
	};
	rootObject = 85AA22F82884DDDD00DAB425 /* Project object */;
}
